
Microsoft Visual Studio Solution File, Format Version 12.00
# Visual Studio Version 16
VisualStudioVersion = 16.0.29519.87
MinimumVisualStudioVersion = 10.0.40219.1
Project("{8BC9CEB8-8B4A-11D0-8D11-00A0C91BC942}") = "Projet_ter", "Projet_ter.vcxproj", "{0D662FD5-0B2C-4CA2-A720-AFA442A177EA}"
EndProject
Global
	GlobalSection(SolutionConfigurationPlatforms) = preSolution
		Debug|x64 = Debug|x64
		Debug|x86 = Debug|x86
		Release|x64 = Release|x64
		Release|x86 = Release|x86
	EndGlobalSection
	GlobalSection(ProjectConfigurationPlatforms) = postSolution
		{0D662FD5-0B2C-4CA2-A720-AFA442A177EA}.Debug|x64.ActiveCfg = Debug|x64
		{0D662FD5-0B2C-4CA2-A720-AFA442A177EA}.Debug|x64.Build.0 = Debug|x64
		{0D662FD5-0B2C-4CA2-A720-AFA442A177EA}.Debug|x86.ActiveCfg = Debug|Win32
		{0D662FD5-0B2C-4CA2-A720-AFA442A177EA}.Debug|x86.Build.0 = Debug|Win32
		{0D662FD5-0B2C-4CA2-A720-AFA442A177EA}.Release|x64.ActiveCfg = Release|x64
		{0D662FD5-0B2C-4CA2-A720-AFA442A177EA}.Release|x64.Build.0 = Release|x64
		{0D662FD5-0B2C-4CA2-A720-AFA442A177EA}.Release|x86.ActiveCfg = Release|Win32
		{0D662FD5-0B2C-4CA2-A720-AFA442A177EA}.Release|x86.Build.0 = Release|Win32
	EndGlobalSection
	GlobalSection(SolutionProperties) = preSolution
		HideSolutionNode = FALSE
	EndGlobalSection
	GlobalSection(ExtensibilityGlobals) = postSolution
		SolutionGuid = {8D88839F-56C5-4933-A73F-D7E7561E2B25}
	EndGlobalSection
EndGlobal
